
Microsoft Visual Studio Solution File, Format Version 12.00
# Visual Studio Version 17
VisualStudioVersion = 17.14.37710.0 d17.14
MinimumVisualStudioVersion = 10.0.40219.1
Project("{FAE04EC0-301F-11D3-BF4B-00C04F79EFBC}") = "EmployeeRegAndLogin", "EmployeeRegAndLogin\EmployeeRegAndLogin.csproj", "{E013D67E-0644-48E2-B4D1-F7CF32D3AD05}"
EndProject
Global
	GlobalSection(SolutionConfigurationPlatforms) = preSolution
		Debug|Any CPU = Debug|Any CPU
		Release|Any CPU = Release|Any CPU
	EndGlobalSection
	GlobalSection(ProjectConfigurationPlatforms) = postSolution
		{E013D67E-0644-48E2-B4D1-F7CF32D3AD05}.Debug|Any CPU.ActiveCfg = Debug|Any CPU
		{E013D67E-0644-48E2-B4D1-F7CF32D3AD05}.Debug|Any CPU.Build.0 = Debug|Any CPU
		{E013D67E-0644-48E2-B4D1-F7CF32D3AD05}.Release|Any CPU.ActiveCfg = Release|Any CPU
		{E013D67E-0644-48E2-B4D1-F7CF32D3AD05}.Release|Any CPU.Build.0 = Release|Any CPU
	EndGlobalSection
	GlobalSection(SolutionProperties) = preSolution
		HideSolutionNode = FALSE
	EndGlobalSection
	GlobalSection(ExtensibilityGlobals) = postSolution
		SolutionGuid = {53B48E56-6FDB-4E12-8A62-0407C5728DA3}
	EndGlobalSection
EndGlobal
