
Microsoft Visual Studio Solution File, Format Version 12.00
# Visual Studio Version 17
VisualStudioVersion = 17.14.37710.0 d17.14
MinimumVisualStudioVersion = 10.0.40219.1
Project("{FAE04EC0-301F-11D3-BF4B-00C04F79EFBC}") = "ListViewControl", "ListViewControl\ListViewControl.csproj", "{909BF8B9-1089-43B5-81D9-6239C081A3E2}"
EndProject
Global
	GlobalSection(SolutionConfigurationPlatforms) = preSolution
		Debug|Any CPU = Debug|Any CPU
		Release|Any CPU = Release|Any CPU
	EndGlobalSection
	GlobalSection(ProjectConfigurationPlatforms) = postSolution
		{909BF8B9-1089-43B5-81D9-6239C081A3E2}.Debug|Any CPU.ActiveCfg = Debug|Any CPU
		{909BF8B9-1089-43B5-81D9-6239C081A3E2}.Debug|Any CPU.Build.0 = Debug|Any CPU
		{909BF8B9-1089-43B5-81D9-6239C081A3E2}.Release|Any CPU.ActiveCfg = Release|Any CPU
		{909BF8B9-1089-43B5-81D9-6239C081A3E2}.Release|Any CPU.Build.0 = Release|Any CPU
	EndGlobalSection
	GlobalSection(SolutionProperties) = preSolution
		HideSolutionNode = FALSE
	EndGlobalSection
	GlobalSection(ExtensibilityGlobals) = postSolution
		SolutionGuid = {4FE127F7-C1CE-4B33-83F6-978EA4CDAFFE}
	EndGlobalSection
EndGlobal
