
Microsoft Visual Studio Solution File, Format Version 12.00
# Visual Studio Version 16
VisualStudioVersion = 16.0.37530.7
MinimumVisualStudioVersion = 10.0.40219.1
Project("{FAE04EC0-301F-11D3-BF4B-00C04F79EFBC}") = "CheckboxList_and_RadioButtonList", "CheckboxList_and_RadioButtonList\CheckboxList_and_RadioButtonList.csproj", "{34867763-5615-4C60-A6EA-3D4B3CBB3E18}"
EndProject
Global
	GlobalSection(SolutionConfigurationPlatforms) = preSolution
		Debug|Any CPU = Debug|Any CPU
		Release|Any CPU = Release|Any CPU
	EndGlobalSection
	GlobalSection(ProjectConfigurationPlatforms) = postSolution
		{34867763-5615-4C60-A6EA-3D4B3CBB3E18}.Debug|Any CPU.ActiveCfg = Debug|Any CPU
		{34867763-5615-4C60-A6EA-3D4B3CBB3E18}.Debug|Any CPU.Build.0 = Debug|Any CPU
		{34867763-5615-4C60-A6EA-3D4B3CBB3E18}.Release|Any CPU.ActiveCfg = Release|Any CPU
		{34867763-5615-4C60-A6EA-3D4B3CBB3E18}.Release|Any CPU.Build.0 = Release|Any CPU
	EndGlobalSection
	GlobalSection(SolutionProperties) = preSolution
		HideSolutionNode = FALSE
	EndGlobalSection
	GlobalSection(ExtensibilityGlobals) = postSolution
		SolutionGuid = {7E578111-047F-411E-905B-A14F05A459E9}
	EndGlobalSection
EndGlobal
